<?xml version="1.0" encoding="utf-8"?>
<Project ToolsVersion="4.0" xmlns="http://schemas.microsoft.com/developer/msbuild/2003">
  <ItemGroup>
    <Filter Include="HGE">
      <UniqueIdentifier>{99EE870B-05F8-877C-8E73-9E7CFA7B937C}</UniqueIdentifier>
    </Filter>
    <Filter Include="HGE\Events">
      <UniqueIdentifier>{5D145E20-49CC-9F6D-B2D3-78C99EAA3A5E}</UniqueIdentifier>
    </Filter>
    <Filter Include="HGE\ImGui">
      <UniqueIdentifier>{8332D96D-EF9C-8DE4-38DB-3E8AA4846B39}</UniqueIdentifier>
    </Filter>
    <Filter Include="Platform">
      <UniqueIdentifier>{2AC788B4-1694-E3BF-3FAD-D1672BD9184E}</UniqueIdentifier>
    </Filter>
    <Filter Include="Platform\OpenGL">
      <UniqueIdentifier>{1E7D2C1D-8A08-9AE1-9319-1DD6FF23F6E1}</UniqueIdentifier>
    </Filter>
    <Filter Include="Platform\Windows">
      <UniqueIdentifier>{64FBD71A-50F4-F66C-7926-DCF1657ED678}</UniqueIdentifier>
    </Filter>
  </ItemGroup>
  <ItemGroup>
    <ClInclude Include="src\HGE.h" />
    <ClInclude Include="src\HGE\Application.h">
      <Filter>HGE</Filter>
    </ClInclude>
    <ClInclude Include="src\HGE\Core.h">
      <Filter>HGE</Filter>
    </ClInclude>
    <ClInclude Include="src\HGE\EntryPoint.h">
      <Filter>HGE</Filter>
    </ClInclude>
    <ClInclude Include="src\HGE\Events\ApplicationEvent.h">
      <Filter>HGE\Events</Filter>
    </ClInclude>
    <ClInclude Include="src\HGE\Events\Event.h">
      <Filter>HGE\Events</Filter>
    </ClInclude>
    <ClInclude Include="src\HGE\Events\KeyEvent.h">
      <Filter>HGE\Events</Filter>
    </ClInclude>
    <ClInclude Include="src\HGE\Events\MouseEvent.h">
      <Filter>HGE\Events</Filter>
    </ClInclude>
    <ClInclude Include="src\HGE\ImGui\ImGuiLayer.h">
      <Filter>HGE\ImGui</Filter>
    </ClInclude>
    <ClInclude Include="src\HGE\Input.h">
      <Filter>HGE</Filter>
    </ClInclude>
    <ClInclude Include="src\HGE\KeyCodes.h">
      <Filter>HGE</Filter>
    </ClInclude>
    <ClInclude Include="src\HGE\Layer.h">
      <Filter>HGE</Filter>
    </ClInclude>
    <ClInclude Include="src\HGE\LayerStack.h">
      <Filter>HGE</Filter>
    </ClInclude>
    <ClInclude Include="src\HGE\Log.h">
      <Filter>HGE</Filter>
    </ClInclude>
    <ClInclude Include="src\HGE\MouseButtonCodes.h">
      <Filter>HGE</Filter>
    </ClInclude>
    <ClInclude Include="src\HGE\Window.h">
      <Filter>HGE</Filter>
    </ClInclude>
    <ClInclude Include="src\Platform\OpenGL\imGuiOpenGLRendere.h">
      <Filter>Platform\OpenGL</Filter>
    </ClInclude>
    <ClInclude Include="src\Platform\Windows\WindowsInput.h">
      <Filter>Platform\Windows</Filter>
    </ClInclude>
    <ClInclude Include="src\Platform\Windows\WindowsWindow.h">
      <Filter>Platform\Windows</Filter>
    </ClInclude>
    <ClInclude Include="src\hgepch.h" />
  </ItemGroup>
  <ItemGroup>
    <ClCompile Include="src\HGE\Application.cpp">
      <Filter>HGE</Filter>
    </ClCompile>
    <ClCompile Include="src\HGE\ImGui\ImGuiLayer.cpp">
      <Filter>HGE\ImGui</Filter>
    </ClCompile>
    <ClCompile Include="src\HGE\Layer.cpp">
      <Filter>HGE</Filter>
    </ClCompile>
    <ClCompile Include="src\HGE\LayerStack.cpp">
      <Filter>HGE</Filter>
    </ClCompile>
    <ClCompile Include="src\HGE\Log.cpp">
      <Filter>HGE</Filter>
    </ClCompile>
    <ClCompile Include="src\Platform\OpenGL\imGuiOPenGLRendere.cpp">
      <Filter>Platform\OpenGL</Filter>
    </ClCompile>
    <ClCompile Include="src\Platform\Windows\WindowsInput.cpp">
      <Filter>Platform\Windows</Filter>
    </ClCompile>
    <ClCompile Include="src\Platform\Windows\WindowsWindow.cpp">
      <Filter>Platform\Windows</Filter>
    </ClCompile>
    <ClCompile Include="src\hgepch.cpp" />
  </ItemGroup>
</Project>